{
  "name": "@react-native-community/blur",
  "version": "3.3.1",
  "lockfileVersion": 1,
  "requires": true,
  "dependencies": {
    "jetifier": {
      "version": "1.5.0",
      "resolved": "https://registry.npmjs.org/jetifier/-/jetifier-1.5.0.tgz",
      "integrity": "sha512-Um/sdPYd6Xs5ntLAd1pqzQIlSjiBBsHcjB3oc7EEri3neJQzuBCKHUnO9ayUljll/BbwCTtxoxCkESsZMYA0uQ==",
      "dev": true
    }
  }
}
